
Microsoft Visual Studio Solution File, Format Version 12.00
# Visual Studio 14
VisualStudioVersion = 14.0.23107.0
MinimumVisualStudioVersion = 10.0.40219.1
Project("{FAE04EC0-301F-11D3-BF4B-00C04F79EFBC}") = "IT131L_Project_Sample", "IT131L_Project_Sample\IT131L_Project_Sample.csproj", "{02BDB59C-024F-4B41-A09F-E40174723CD3}"
EndProject
Project("{FAE04EC0-301F-11D3-BF4B-00C04F79EFBC}") = "WindowsFormsApplication1", "WindowsFormsApplication1\WindowsFormsApplication1.csproj", "{2BFE2D50-893A-4755-AD0A-25E15110FCE4}"
EndProject
Project("{FAE04EC0-301F-11D3-BF4B-00C04F79EFBC}") = "WritingDataToSQL", "WritingDataToSQL\WritingDataToSQL.csproj", "{36A1526A-7331-4B9A-B99C-4AB3D64C7EEF}"
EndProject
Project("{FAE04EC0-301F-11D3-BF4B-00C04F79EFBC}") = "WritingToSQL", "WritingToSQL\WritingToSQL.csproj", "{0C135875-B000-4B8E-9DC8-AB75AE679F24}"
EndProject
Global
	GlobalSection(SolutionConfigurationPlatforms) = preSolution
		Debug|Any CPU = Debug|Any CPU
		Release|Any CPU = Release|Any CPU
	EndGlobalSection
	GlobalSection(ProjectConfigurationPlatforms) = postSolution
		{02BDB59C-024F-4B41-A09F-E40174723CD3}.Debug|Any CPU.ActiveCfg = Debug|Any CPU
		{02BDB59C-024F-4B41-A09F-E40174723CD3}.Debug|Any CPU.Build.0 = Debug|Any CPU
		{02BDB59C-024F-4B41-A09F-E40174723CD3}.Release|Any CPU.ActiveCfg = Release|Any CPU
		{02BDB59C-024F-4B41-A09F-E40174723CD3}.Release|Any CPU.Build.0 = Release|Any CPU
		{2BFE2D50-893A-4755-AD0A-25E15110FCE4}.Debug|Any CPU.ActiveCfg = Debug|Any CPU
		{2BFE2D50-893A-4755-AD0A-25E15110FCE4}.Debug|Any CPU.Build.0 = Debug|Any CPU
		{2BFE2D50-893A-4755-AD0A-25E15110FCE4}.Release|Any CPU.ActiveCfg = Release|Any CPU
		{2BFE2D50-893A-4755-AD0A-25E15110FCE4}.Release|Any CPU.Build.0 = Release|Any CPU
		{36A1526A-7331-4B9A-B99C-4AB3D64C7EEF}.Debug|Any CPU.ActiveCfg = Debug|Any CPU
		{36A1526A-7331-4B9A-B99C-4AB3D64C7EEF}.Debug|Any CPU.Build.0 = Debug|Any CPU
		{36A1526A-7331-4B9A-B99C-4AB3D64C7EEF}.Release|Any CPU.ActiveCfg = Release|Any CPU
		{36A1526A-7331-4B9A-B99C-4AB3D64C7EEF}.Release|Any CPU.Build.0 = Release|Any CPU
		{0C135875-B000-4B8E-9DC8-AB75AE679F24}.Debug|Any CPU.ActiveCfg = Debug|Any CPU
		{0C135875-B000-4B8E-9DC8-AB75AE679F24}.Debug|Any CPU.Build.0 = Debug|Any CPU
		{0C135875-B000-4B8E-9DC8-AB75AE679F24}.Release|Any CPU.ActiveCfg = Release|Any CPU
		{0C135875-B000-4B8E-9DC8-AB75AE679F24}.Release|Any CPU.Build.0 = Release|Any CPU
	EndGlobalSection
	GlobalSection(SolutionProperties) = preSolution
		HideSolutionNode = FALSE
	EndGlobalSection
EndGlobal
